
Microsoft Visual Studio Solution File, Format Version 12.00
# Visual Studio Version 17
VisualStudioVersion = 17.13.35818.85
MinimumVisualStudioVersion = 10.0.40219.1
Project("{9A19103F-16F7-4668-BE54-9A1E7A4F7556}") = "TCC", "TCC\TCC.csproj", "{7EFCFF2F-8D61-40F5-B8D2-0152F44B9B93}"
EndProject
Global
	GlobalSection(SolutionConfigurationPlatforms) = preSolution
		Debug|Any CPU = Debug|Any CPU
		Release|Any CPU = Release|Any CPU
	EndGlobalSection
	GlobalSection(ProjectConfigurationPlatforms) = postSolution
		{7EFCFF2F-8D61-40F5-B8D2-0152F44B9B93}.Debug|Any CPU.ActiveCfg = Debug|Any CPU
		{7EFCFF2F-8D61-40F5-B8D2-0152F44B9B93}.Debug|Any CPU.Build.0 = Debug|Any CPU
		{7EFCFF2F-8D61-40F5-B8D2-0152F44B9B93}.Release|Any CPU.ActiveCfg = Release|Any CPU
		{7EFCFF2F-8D61-40F5-B8D2-0152F44B9B93}.Release|Any CPU.Build.0 = Release|Any CPU
	EndGlobalSection
	GlobalSection(SolutionProperties) = preSolution
		HideSolutionNode = FALSE
	EndGlobalSection
	GlobalSection(ExtensibilityGlobals) = postSolution
		SolutionGuid = {C9EBED6E-AF7A-4EEE-89B4-262FB9B54C24}
	EndGlobalSection
EndGlobal
